
Microsoft Visual Studio Solution File, Format Version 12.00
# Visual Studio Version 16
VisualStudioVersion = 16.0.29609.76
MinimumVisualStudioVersion = 10.0.40219.1
Project("{FAE04EC0-301F-11D3-BF4B-00C04F79EFBC}") = "SatImageUtilities", "SatImageUtilities\SatImageUtilities.csproj", "{1FF83750-9B83-4DD7-8843-08CC02A0F5FD}"
EndProject
Project("{FAE04EC0-301F-11D3-BF4B-00C04F79EFBC}") = "SatImageUtilities.Tests", "SatImageUtilities.Tests\SatImageUtilities.Tests.csproj", "{76C8EC5A-1115-4068-BF70-6FA709D6853C}"
EndProject
Global
	GlobalSection(SolutionProperties) = preSolution
		HideSolutionNode = FALSE
	EndGlobalSection
	GlobalSection(ExtensibilityGlobals) = postSolution
		SolutionGuid = {B741A263-21E7-4843-AABB-3E9F3BB5D096}
	EndGlobalSection
	GlobalSection(SolutionConfigurationPlatforms) = preSolution
		Debug|Any CPU = Debug|Any CPU
		Debug|x64 = Debug|x64
		Debug|x86 = Debug|x86
		Release|Any CPU = Release|Any CPU
		Release|x64 = Release|x64
		Release|x86 = Release|x86
	EndGlobalSection
	GlobalSection(ProjectConfigurationPlatforms) = postSolution
		{1FF83750-9B83-4DD7-8843-08CC02A0F5FD}.Debug|Any CPU.ActiveCfg = Debug|Any CPU
		{1FF83750-9B83-4DD7-8843-08CC02A0F5FD}.Debug|Any CPU.Build.0 = Debug|Any CPU
		{1FF83750-9B83-4DD7-8843-08CC02A0F5FD}.Debug|x64.ActiveCfg = Debug|Any CPU
		{1FF83750-9B83-4DD7-8843-08CC02A0F5FD}.Debug|x64.Build.0 = Debug|Any CPU
		{1FF83750-9B83-4DD7-8843-08CC02A0F5FD}.Debug|x86.ActiveCfg = Debug|Any CPU
		{1FF83750-9B83-4DD7-8843-08CC02A0F5FD}.Debug|x86.Build.0 = Debug|Any CPU
		{1FF83750-9B83-4DD7-8843-08CC02A0F5FD}.Release|Any CPU.ActiveCfg = Release|Any CPU
		{1FF83750-9B83-4DD7-8843-08CC02A0F5FD}.Release|Any CPU.Build.0 = Release|Any CPU
		{1FF83750-9B83-4DD7-8843-08CC02A0F5FD}.Release|x64.ActiveCfg = Release|Any CPU
		{1FF83750-9B83-4DD7-8843-08CC02A0F5FD}.Release|x64.Build.0 = Release|Any CPU
		{1FF83750-9B83-4DD7-8843-08CC02A0F5FD}.Release|x86.ActiveCfg = Release|Any CPU
		{1FF83750-9B83-4DD7-8843-08CC02A0F5FD}.Release|x86.Build.0 = Release|Any CPU
		{76C8EC5A-1115-4068-BF70-6FA709D6853C}.Debug|Any CPU.ActiveCfg = Debug|Any CPU
		{76C8EC5A-1115-4068-BF70-6FA709D6853C}.Debug|Any CPU.Build.0 = Debug|Any CPU
		{76C8EC5A-1115-4068-BF70-6FA709D6853C}.Debug|x64.ActiveCfg = Debug|Any CPU
		{76C8EC5A-1115-4068-BF70-6FA709D6853C}.Debug|x64.Build.0 = Debug|Any CPU
		{76C8EC5A-1115-4068-BF70-6FA709D6853C}.Debug|x86.ActiveCfg = Debug|Any CPU
		{76C8EC5A-1115-4068-BF70-6FA709D6853C}.Debug|x86.Build.0 = Debug|Any CPU
		{76C8EC5A-1115-4068-BF70-6FA709D6853C}.Release|Any CPU.ActiveCfg = Release|Any CPU
		{76C8EC5A-1115-4068-BF70-6FA709D6853C}.Release|Any CPU.Build.0 = Release|Any CPU
		{76C8EC5A-1115-4068-BF70-6FA709D6853C}.Release|x64.ActiveCfg = Release|Any CPU
		{76C8EC5A-1115-4068-BF70-6FA709D6853C}.Release|x64.Build.0 = Release|Any CPU
		{76C8EC5A-1115-4068-BF70-6FA709D6853C}.Release|x86.ActiveCfg = Release|Any CPU
		{76C8EC5A-1115-4068-BF70-6FA709D6853C}.Release|x86.Build.0 = Release|Any CPU
	EndGlobalSection
EndGlobal
